{
  "name": "project",
  "version": "1.0.0",
  "lockfileVersion": 3,
  "requires": true,
  "packages": {
    "": {
      "name": "project",
      "version": "1.0.0",
      "license": "ISC",
      "dependencies": {
        "btparse": "^1.0.2"
      }
    },
    "node_modules/btparse": {
      "version": "1.0.2",
      "resolved": "https://registry.npmjs.org/btparse/-/btparse-1.0.2.tgz",
      "integrity": "sha512-oNfmWuLryeh0+FCY7AE3WYkxJ+pooDMBzfh+TeKYFprXN92A4wNppJia6cFkcciTMEb7nRKi98KNy3qv5yNnkg=="
    }
  }
}
